
Microsoft Visual Studio Solution File, Format Version 12.00
# Visual Studio Version 17
VisualStudioVersion = 17.7.34031.279
MinimumVisualStudioVersion = 10.0.40219.1
Project("{9A19103F-16F7-4668-BE54-9A1E7A4F7556}") = "GlamMaster", "GlamMaster\GlamMaster.csproj", "{13C812E9-0D42-4B95-8646-40EEBF30636F}"
EndProject
Project("{9A19103F-16F7-4668-BE54-9A1E7A4F7556}") = "SocketIO.Core", "socket.io-client-csharp\src\SocketIO.Core\SocketIO.Core.csproj", "{C3C056EE-7BE4-448A-89D0-EDF379EE40DE}"
EndProject
Project("{9A19103F-16F7-4668-BE54-9A1E7A4F7556}") = "SocketIO.Serializer.Core", "socket.io-client-csharp\src\SocketIO.Serializer.Core\SocketIO.Serializer.Core.csproj", "{26103D3E-9622-4BE6-B525-1EABE2BF1CB9}"
EndProject
Project("{9A19103F-16F7-4668-BE54-9A1E7A4F7556}") = "SocketIO.Serializer.MessagePack", "socket.io-client-csharp\src\SocketIO.Serializer.MessagePack\SocketIO.Serializer.MessagePack.csproj", "{92AF127F-A5A1-4C7F-8EE9-DA79EAE95827}"
EndProject
Project("{9A19103F-16F7-4668-BE54-9A1E7A4F7556}") = "SocketIO.Serializer.NewtonsoftJson", "socket.io-client-csharp\src\SocketIO.Serializer.NewtonsoftJson\SocketIO.Serializer.NewtonsoftJson.csproj", "{130FD34F-15F2-4A8A-B9C8-D1530585B72E}"
EndProject
Project("{9A19103F-16F7-4668-BE54-9A1E7A4F7556}") = "SocketIO.Serializer.SystemTextJson", "socket.io-client-csharp\src\SocketIO.Serializer.SystemTextJson\SocketIO.Serializer.SystemTextJson.csproj", "{B618525F-FDFD-4E92-9EB7-DF47E46E20BC}"
EndProject
Project("{9A19103F-16F7-4668-BE54-9A1E7A4F7556}") = "SocketIOClient", "socket.io-client-csharp\src\SocketIOClient\SocketIOClient.csproj", "{57DB7B14-169B-4064-AF9D-EEFA3219A2F4}"
EndProject
Project("{9A19103F-16F7-4668-BE54-9A1E7A4F7556}") = "SocketIOClient.Windows7", "socket.io-client-csharp\src\SocketIOClient.Windows7\SocketIOClient.Windows7.csproj", "{FBB0F264-E6CA-42ED-8F56-8D0157AA54E8}"
EndProject
Project("{2150E333-8FDC-42A3-9474-1A3956D46DE8}") = "SocketIO", "SocketIO", "{345FEDF0-1F3E-4A1D-9D43-4450F1A8265F}"
EndProject
Project("{2150E333-8FDC-42A3-9474-1A3956D46DE8}") = "Dependencies", "Dependencies", "{8A53D0D9-E831-44E6-93AE-35B027CB4466}"
EndProject
Project("{FAE04EC0-301F-11D3-BF4B-00C04F79EFBC}") = "ECommons", "ECommons\ECommons\ECommons.csproj", "{0B1F2C54-98D7-DBB6-6CDF-C71EE0173954}"
EndProject
Project("{FAE04EC0-301F-11D3-BF4B-00C04F79EFBC}") = "Glamourer.Api", "Glamourer.Api\Glamourer.Api.csproj", "{8C7FE3F5-06BE-8D99-EA44-47B7A8097CF8}"
EndProject
Project("{FAE04EC0-301F-11D3-BF4B-00C04F79EFBC}") = "OtterGui", "OtterGui\OtterGui.csproj", "{9EC71A1C-3348-BA01-85FA-8361B6EB8537}"
EndProject
Project("{FAE04EC0-301F-11D3-BF4B-00C04F79EFBC}") = "OtterGuiInternal", "OtterGui\OtterGuiInternal\OtterGuiInternal.csproj", "{D3028232-7355-2432-1A90-57C4DCE8EC86}"
EndProject
Project("{FAE04EC0-301F-11D3-BF4B-00C04F79EFBC}") = "Penumbra.Api", "Penumbra.Api\Penumbra.Api.csproj", "{8D9D3462-76C5-ED67-9714-45F04FB1D1E8}"
EndProject
Global
	GlobalSection(SolutionConfigurationPlatforms) = preSolution
		Debug|Any CPU = Debug|Any CPU
		Debug|x64 = Debug|x64
		DebugForms|Any CPU = DebugForms|Any CPU
		DebugForms|x64 = DebugForms|x64
		Release|Any CPU = Release|Any CPU
		Release|x64 = Release|x64
		ReleaseForms|Any CPU = ReleaseForms|Any CPU
		ReleaseForms|x64 = ReleaseForms|x64
	EndGlobalSection
	GlobalSection(ProjectConfigurationPlatforms) = postSolution
		{13C812E9-0D42-4B95-8646-40EEBF30636F}.Debug|Any CPU.ActiveCfg = Debug|x64
		{13C812E9-0D42-4B95-8646-40EEBF30636F}.Debug|Any CPU.Build.0 = Debug|x64
		{13C812E9-0D42-4B95-8646-40EEBF30636F}.Debug|x64.ActiveCfg = Debug|x64
		{13C812E9-0D42-4B95-8646-40EEBF30636F}.Debug|x64.Build.0 = Debug|x64
		{13C812E9-0D42-4B95-8646-40EEBF30636F}.DebugForms|Any CPU.ActiveCfg = Debug|x64
		{13C812E9-0D42-4B95-8646-40EEBF30636F}.DebugForms|Any CPU.Build.0 = Debug|x64
		{13C812E9-0D42-4B95-8646-40EEBF30636F}.DebugForms|x64.ActiveCfg = Debug|x64
		{13C812E9-0D42-4B95-8646-40EEBF30636F}.DebugForms|x64.Build.0 = Debug|x64
		{13C812E9-0D42-4B95-8646-40EEBF30636F}.Release|Any CPU.ActiveCfg = Release|x64
		{13C812E9-0D42-4B95-8646-40EEBF30636F}.Release|Any CPU.Build.0 = Release|x64
		{13C812E9-0D42-4B95-8646-40EEBF30636F}.Release|x64.ActiveCfg = Release|x64
		{13C812E9-0D42-4B95-8646-40EEBF30636F}.Release|x64.Build.0 = Release|x64
		{13C812E9-0D42-4B95-8646-40EEBF30636F}.ReleaseForms|Any CPU.ActiveCfg = Release|x64
		{13C812E9-0D42-4B95-8646-40EEBF30636F}.ReleaseForms|Any CPU.Build.0 = Release|x64
		{13C812E9-0D42-4B95-8646-40EEBF30636F}.ReleaseForms|x64.ActiveCfg = Release|x64
		{13C812E9-0D42-4B95-8646-40EEBF30636F}.ReleaseForms|x64.Build.0 = Release|x64
		{C3C056EE-7BE4-448A-89D0-EDF379EE40DE}.Debug|Any CPU.ActiveCfg = Debug|Any CPU
		{C3C056EE-7BE4-448A-89D0-EDF379EE40DE}.Debug|Any CPU.Build.0 = Debug|Any CPU
		{C3C056EE-7BE4-448A-89D0-EDF379EE40DE}.Debug|x64.ActiveCfg = Debug|Any CPU
		{C3C056EE-7BE4-448A-89D0-EDF379EE40DE}.Debug|x64.Build.0 = Debug|Any CPU
		{C3C056EE-7BE4-448A-89D0-EDF379EE40DE}.DebugForms|Any CPU.ActiveCfg = Debug|Any CPU
		{C3C056EE-7BE4-448A-89D0-EDF379EE40DE}.DebugForms|Any CPU.Build.0 = Debug|Any CPU
		{C3C056EE-7BE4-448A-89D0-EDF379EE40DE}.DebugForms|x64.ActiveCfg = Debug|Any CPU
		{C3C056EE-7BE4-448A-89D0-EDF379EE40DE}.DebugForms|x64.Build.0 = Debug|Any CPU
		{C3C056EE-7BE4-448A-89D0-EDF379EE40DE}.Release|Any CPU.ActiveCfg = Release|Any CPU
		{C3C056EE-7BE4-448A-89D0-EDF379EE40DE}.Release|Any CPU.Build.0 = Release|Any CPU
		{C3C056EE-7BE4-448A-89D0-EDF379EE40DE}.Release|x64.ActiveCfg = Release|Any CPU
		{C3C056EE-7BE4-448A-89D0-EDF379EE40DE}.Release|x64.Build.0 = Release|Any CPU
		{C3C056EE-7BE4-448A-89D0-EDF379EE40DE}.ReleaseForms|Any CPU.ActiveCfg = Release|Any CPU
		{C3C056EE-7BE4-448A-89D0-EDF379EE40DE}.ReleaseForms|Any CPU.Build.0 = Release|Any CPU
		{C3C056EE-7BE4-448A-89D0-EDF379EE40DE}.ReleaseForms|x64.ActiveCfg = Release|Any CPU
		{C3C056EE-7BE4-448A-89D0-EDF379EE40DE}.ReleaseForms|x64.Build.0 = Release|Any CPU
		{26103D3E-9622-4BE6-B525-1EABE2BF1CB9}.Debug|Any CPU.ActiveCfg = Debug|Any CPU
		{26103D3E-9622-4BE6-B525-1EABE2BF1CB9}.Debug|Any CPU.Build.0 = Debug|Any CPU
		{26103D3E-9622-4BE6-B525-1EABE2BF1CB9}.Debug|x64.ActiveCfg = Debug|Any CPU
		{26103D3E-9622-4BE6-B525-1EABE2BF1CB9}.Debug|x64.Build.0 = Debug|Any CPU
		{26103D3E-9622-4BE6-B525-1EABE2BF1CB9}.DebugForms|Any CPU.ActiveCfg = Debug|Any CPU
		{26103D3E-9622-4BE6-B525-1EABE2BF1CB9}.DebugForms|Any CPU.Build.0 = Debug|Any CPU
		{26103D3E-9622-4BE6-B525-1EABE2BF1CB9}.DebugForms|x64.ActiveCfg = Debug|Any CPU
		{26103D3E-9622-4BE6-B525-1EABE2BF1CB9}.DebugForms|x64.Build.0 = Debug|Any CPU
		{26103D3E-9622-4BE6-B525-1EABE2BF1CB9}.Release|Any CPU.ActiveCfg = Release|Any CPU
		{26103D3E-9622-4BE6-B525-1EABE2BF1CB9}.Release|Any CPU.Build.0 = Release|Any CPU
		{26103D3E-9622-4BE6-B525-1EABE2BF1CB9}.Release|x64.ActiveCfg = Release|Any CPU
		{26103D3E-9622-4BE6-B525-1EABE2BF1CB9}.Release|x64.Build.0 = Release|Any CPU
		{26103D3E-9622-4BE6-B525-1EABE2BF1CB9}.ReleaseForms|Any CPU.ActiveCfg = Release|Any CPU
		{26103D3E-9622-4BE6-B525-1EABE2BF1CB9}.ReleaseForms|Any CPU.Build.0 = Release|Any CPU
		{26103D3E-9622-4BE6-B525-1EABE2BF1CB9}.ReleaseForms|x64.ActiveCfg = Release|Any CPU
		{26103D3E-9622-4BE6-B525-1EABE2BF1CB9}.ReleaseForms|x64.Build.0 = Release|Any CPU
		{92AF127F-A5A1-4C7F-8EE9-DA79EAE95827}.Debug|Any CPU.ActiveCfg = Debug|Any CPU
		{92AF127F-A5A1-4C7F-8EE9-DA79EAE95827}.Debug|Any CPU.Build.0 = Debug|Any CPU
		{92AF127F-A5A1-4C7F-8EE9-DA79EAE95827}.Debug|x64.ActiveCfg = Debug|Any CPU
		{92AF127F-A5A1-4C7F-8EE9-DA79EAE95827}.Debug|x64.Build.0 = Debug|Any CPU
		{92AF127F-A5A1-4C7F-8EE9-DA79EAE95827}.DebugForms|Any CPU.ActiveCfg = Debug|Any CPU
		{92AF127F-A5A1-4C7F-8EE9-DA79EAE95827}.DebugForms|Any CPU.Build.0 = Debug|Any CPU
		{92AF127F-A5A1-4C7F-8EE9-DA79EAE95827}.DebugForms|x64.ActiveCfg = Debug|Any CPU
		{92AF127F-A5A1-4C7F-8EE9-DA79EAE95827}.DebugForms|x64.Build.0 = Debug|Any CPU
		{92AF127F-A5A1-4C7F-8EE9-DA79EAE95827}.Release|Any CPU.ActiveCfg = Release|Any CPU
		{92AF127F-A5A1-4C7F-8EE9-DA79EAE95827}.Release|Any CPU.Build.0 = Release|Any CPU
		{92AF127F-A5A1-4C7F-8EE9-DA79EAE95827}.Release|x64.ActiveCfg = Release|Any CPU
		{92AF127F-A5A1-4C7F-8EE9-DA79EAE95827}.Release|x64.Build.0 = Release|Any CPU
		{92AF127F-A5A1-4C7F-8EE9-DA79EAE95827}.ReleaseForms|Any CPU.ActiveCfg = Release|Any CPU
		{92AF127F-A5A1-4C7F-8EE9-DA79EAE95827}.ReleaseForms|Any CPU.Build.0 = Release|Any CPU
		{92AF127F-A5A1-4C7F-8EE9-DA79EAE95827}.ReleaseForms|x64.ActiveCfg = Release|Any CPU
		{92AF127F-A5A1-4C7F-8EE9-DA79EAE95827}.ReleaseForms|x64.Build.0 = Release|Any CPU
		{130FD34F-15F2-4A8A-B9C8-D1530585B72E}.Debug|Any CPU.ActiveCfg = Debug|Any CPU
		{130FD34F-15F2-4A8A-B9C8-D1530585B72E}.Debug|Any CPU.Build.0 = Debug|Any CPU
		{130FD34F-15F2-4A8A-B9C8-D1530585B72E}.Debug|x64.ActiveCfg = Debug|Any CPU
		{130FD34F-15F2-4A8A-B9C8-D1530585B72E}.Debug|x64.Build.0 = Debug|Any CPU
		{130FD34F-15F2-4A8A-B9C8-D1530585B72E}.DebugForms|Any CPU.ActiveCfg = Debug|Any CPU
		{130FD34F-15F2-4A8A-B9C8-D1530585B72E}.DebugForms|Any CPU.Build.0 = Debug|Any CPU
		{130FD34F-15F2-4A8A-B9C8-D1530585B72E}.DebugForms|x64.ActiveCfg = Debug|Any CPU
		{130FD34F-15F2-4A8A-B9C8-D1530585B72E}.DebugForms|x64.Build.0 = Debug|Any CPU
		{130FD34F-15F2-4A8A-B9C8-D1530585B72E}.Release|Any CPU.ActiveCfg = Release|Any CPU
		{130FD34F-15F2-4A8A-B9C8-D1530585B72E}.Release|Any CPU.Build.0 = Release|Any CPU
		{130FD34F-15F2-4A8A-B9C8-D1530585B72E}.Release|x64.ActiveCfg = Release|Any CPU
		{130FD34F-15F2-4A8A-B9C8-D1530585B72E}.Release|x64.Build.0 = Release|Any CPU
		{130FD34F-15F2-4A8A-B9C8-D1530585B72E}.ReleaseForms|Any CPU.ActiveCfg = Release|Any CPU
		{130FD34F-15F2-4A8A-B9C8-D1530585B72E}.ReleaseForms|Any CPU.Build.0 = Release|Any CPU
		{130FD34F-15F2-4A8A-B9C8-D1530585B72E}.ReleaseForms|x64.ActiveCfg = Release|Any CPU
		{130FD34F-15F2-4A8A-B9C8-D1530585B72E}.ReleaseForms|x64.Build.0 = Release|Any CPU
		{B618525F-FDFD-4E92-9EB7-DF47E46E20BC}.Debug|Any CPU.ActiveCfg = Debug|Any CPU
		{B618525F-FDFD-4E92-9EB7-DF47E46E20BC}.Debug|Any CPU.Build.0 = Debug|Any CPU
		{B618525F-FDFD-4E92-9EB7-DF47E46E20BC}.Debug|x64.ActiveCfg = Debug|Any CPU
		{B618525F-FDFD-4E92-9EB7-DF47E46E20BC}.Debug|x64.Build.0 = Debug|Any CPU
		{B618525F-FDFD-4E92-9EB7-DF47E46E20BC}.DebugForms|Any CPU.ActiveCfg = Debug|Any CPU
		{B618525F-FDFD-4E92-9EB7-DF47E46E20BC}.DebugForms|Any CPU.Build.0 = Debug|Any CPU
		{B618525F-FDFD-4E92-9EB7-DF47E46E20BC}.DebugForms|x64.ActiveCfg = Debug|Any CPU
		{B618525F-FDFD-4E92-9EB7-DF47E46E20BC}.DebugForms|x64.Build.0 = Debug|Any CPU
		{B618525F-FDFD-4E92-9EB7-DF47E46E20BC}.Release|Any CPU.ActiveCfg = Release|Any CPU
		{B618525F-FDFD-4E92-9EB7-DF47E46E20BC}.Release|Any CPU.Build.0 = Release|Any CPU
		{B618525F-FDFD-4E92-9EB7-DF47E46E20BC}.Release|x64.ActiveCfg = Release|Any CPU
		{B618525F-FDFD-4E92-9EB7-DF47E46E20BC}.Release|x64.Build.0 = Release|Any CPU
		{B618525F-FDFD-4E92-9EB7-DF47E46E20BC}.ReleaseForms|Any CPU.ActiveCfg = Release|Any CPU
		{B618525F-FDFD-4E92-9EB7-DF47E46E20BC}.ReleaseForms|Any CPU.Build.0 = Release|Any CPU
		{B618525F-FDFD-4E92-9EB7-DF47E46E20BC}.ReleaseForms|x64.ActiveCfg = Release|Any CPU
		{B618525F-FDFD-4E92-9EB7-DF47E46E20BC}.ReleaseForms|x64.Build.0 = Release|Any CPU
		{57DB7B14-169B-4064-AF9D-EEFA3219A2F4}.Debug|Any CPU.ActiveCfg = Debug|Any CPU
		{57DB7B14-169B-4064-AF9D-EEFA3219A2F4}.Debug|Any CPU.Build.0 = Debug|Any CPU
		{57DB7B14-169B-4064-AF9D-EEFA3219A2F4}.Debug|x64.ActiveCfg = Debug|Any CPU
		{57DB7B14-169B-4064-AF9D-EEFA3219A2F4}.Debug|x64.Build.0 = Debug|Any CPU
		{57DB7B14-169B-4064-AF9D-EEFA3219A2F4}.DebugForms|Any CPU.ActiveCfg = Debug|Any CPU
		{57DB7B14-169B-4064-AF9D-EEFA3219A2F4}.DebugForms|Any CPU.Build.0 = Debug|Any CPU
		{57DB7B14-169B-4064-AF9D-EEFA3219A2F4}.DebugForms|x64.ActiveCfg = Debug|Any CPU
		{57DB7B14-169B-4064-AF9D-EEFA3219A2F4}.DebugForms|x64.Build.0 = Debug|Any CPU
		{57DB7B14-169B-4064-AF9D-EEFA3219A2F4}.Release|Any CPU.ActiveCfg = Release|Any CPU
		{57DB7B14-169B-4064-AF9D-EEFA3219A2F4}.Release|Any CPU.Build.0 = Release|Any CPU
		{57DB7B14-169B-4064-AF9D-EEFA3219A2F4}.Release|x64.ActiveCfg = Release|Any CPU
		{57DB7B14-169B-4064-AF9D-EEFA3219A2F4}.Release|x64.Build.0 = Release|Any CPU
		{57DB7B14-169B-4064-AF9D-EEFA3219A2F4}.ReleaseForms|Any CPU.ActiveCfg = Release|Any CPU
		{57DB7B14-169B-4064-AF9D-EEFA3219A2F4}.ReleaseForms|Any CPU.Build.0 = Release|Any CPU
		{57DB7B14-169B-4064-AF9D-EEFA3219A2F4}.ReleaseForms|x64.ActiveCfg = Release|Any CPU
		{57DB7B14-169B-4064-AF9D-EEFA3219A2F4}.ReleaseForms|x64.Build.0 = Release|Any CPU
		{FBB0F264-E6CA-42ED-8F56-8D0157AA54E8}.Debug|Any CPU.ActiveCfg = Debug|Any CPU
		{FBB0F264-E6CA-42ED-8F56-8D0157AA54E8}.Debug|Any CPU.Build.0 = Debug|Any CPU
		{FBB0F264-E6CA-42ED-8F56-8D0157AA54E8}.Debug|x64.ActiveCfg = Debug|Any CPU
		{FBB0F264-E6CA-42ED-8F56-8D0157AA54E8}.Debug|x64.Build.0 = Debug|Any CPU
		{FBB0F264-E6CA-42ED-8F56-8D0157AA54E8}.DebugForms|Any CPU.ActiveCfg = Debug|Any CPU
		{FBB0F264-E6CA-42ED-8F56-8D0157AA54E8}.DebugForms|Any CPU.Build.0 = Debug|Any CPU
		{FBB0F264-E6CA-42ED-8F56-8D0157AA54E8}.DebugForms|x64.ActiveCfg = Debug|Any CPU
		{FBB0F264-E6CA-42ED-8F56-8D0157AA54E8}.DebugForms|x64.Build.0 = Debug|Any CPU
		{FBB0F264-E6CA-42ED-8F56-8D0157AA54E8}.Release|Any CPU.ActiveCfg = Release|Any CPU
		{FBB0F264-E6CA-42ED-8F56-8D0157AA54E8}.Release|Any CPU.Build.0 = Release|Any CPU
		{FBB0F264-E6CA-42ED-8F56-8D0157AA54E8}.Release|x64.ActiveCfg = Release|Any CPU
		{FBB0F264-E6CA-42ED-8F56-8D0157AA54E8}.Release|x64.Build.0 = Release|Any CPU
		{FBB0F264-E6CA-42ED-8F56-8D0157AA54E8}.ReleaseForms|Any CPU.ActiveCfg = Release|Any CPU
		{FBB0F264-E6CA-42ED-8F56-8D0157AA54E8}.ReleaseForms|Any CPU.Build.0 = Release|Any CPU
		{FBB0F264-E6CA-42ED-8F56-8D0157AA54E8}.ReleaseForms|x64.ActiveCfg = Release|Any CPU
		{FBB0F264-E6CA-42ED-8F56-8D0157AA54E8}.ReleaseForms|x64.Build.0 = Release|Any CPU
		{0B1F2C54-98D7-DBB6-6CDF-C71EE0173954}.Debug|Any CPU.ActiveCfg = Debug|x64
		{0B1F2C54-98D7-DBB6-6CDF-C71EE0173954}.Debug|Any CPU.Build.0 = Debug|x64
		{0B1F2C54-98D7-DBB6-6CDF-C71EE0173954}.Debug|x64.ActiveCfg = Debug|x64
		{0B1F2C54-98D7-DBB6-6CDF-C71EE0173954}.Debug|x64.Build.0 = Debug|x64
		{0B1F2C54-98D7-DBB6-6CDF-C71EE0173954}.DebugForms|Any CPU.ActiveCfg = DebugForms|x64
		{0B1F2C54-98D7-DBB6-6CDF-C71EE0173954}.DebugForms|Any CPU.Build.0 = DebugForms|x64
		{0B1F2C54-98D7-DBB6-6CDF-C71EE0173954}.DebugForms|x64.ActiveCfg = DebugForms|x64
		{0B1F2C54-98D7-DBB6-6CDF-C71EE0173954}.DebugForms|x64.Build.0 = DebugForms|x64
		{0B1F2C54-98D7-DBB6-6CDF-C71EE0173954}.Release|Any CPU.ActiveCfg = Release|x64
		{0B1F2C54-98D7-DBB6-6CDF-C71EE0173954}.Release|Any CPU.Build.0 = Release|x64
		{0B1F2C54-98D7-DBB6-6CDF-C71EE0173954}.Release|x64.ActiveCfg = Release|x64
		{0B1F2C54-98D7-DBB6-6CDF-C71EE0173954}.Release|x64.Build.0 = Release|x64
		{0B1F2C54-98D7-DBB6-6CDF-C71EE0173954}.ReleaseForms|Any CPU.ActiveCfg = ReleaseForms|x64
		{0B1F2C54-98D7-DBB6-6CDF-C71EE0173954}.ReleaseForms|Any CPU.Build.0 = ReleaseForms|x64
		{0B1F2C54-98D7-DBB6-6CDF-C71EE0173954}.ReleaseForms|x64.ActiveCfg = ReleaseForms|x64
		{0B1F2C54-98D7-DBB6-6CDF-C71EE0173954}.ReleaseForms|x64.Build.0 = ReleaseForms|x64
		{8C7FE3F5-06BE-8D99-EA44-47B7A8097CF8}.Debug|Any CPU.ActiveCfg = Debug|Any CPU
		{8C7FE3F5-06BE-8D99-EA44-47B7A8097CF8}.Debug|Any CPU.Build.0 = Debug|Any CPU
		{8C7FE3F5-06BE-8D99-EA44-47B7A8097CF8}.Debug|x64.ActiveCfg = Debug|Any CPU
		{8C7FE3F5-06BE-8D99-EA44-47B7A8097CF8}.Debug|x64.Build.0 = Debug|Any CPU
		{8C7FE3F5-06BE-8D99-EA44-47B7A8097CF8}.DebugForms|Any CPU.ActiveCfg = Debug|Any CPU
		{8C7FE3F5-06BE-8D99-EA44-47B7A8097CF8}.DebugForms|Any CPU.Build.0 = Debug|Any CPU
		{8C7FE3F5-06BE-8D99-EA44-47B7A8097CF8}.DebugForms|x64.ActiveCfg = Debug|Any CPU
		{8C7FE3F5-06BE-8D99-EA44-47B7A8097CF8}.DebugForms|x64.Build.0 = Debug|Any CPU
		{8C7FE3F5-06BE-8D99-EA44-47B7A8097CF8}.Release|Any CPU.ActiveCfg = Release|Any CPU
		{8C7FE3F5-06BE-8D99-EA44-47B7A8097CF8}.Release|Any CPU.Build.0 = Release|Any CPU
		{8C7FE3F5-06BE-8D99-EA44-47B7A8097CF8}.Release|x64.ActiveCfg = Release|Any CPU
		{8C7FE3F5-06BE-8D99-EA44-47B7A8097CF8}.Release|x64.Build.0 = Release|Any CPU
		{8C7FE3F5-06BE-8D99-EA44-47B7A8097CF8}.ReleaseForms|Any CPU.ActiveCfg = Release|Any CPU
		{8C7FE3F5-06BE-8D99-EA44-47B7A8097CF8}.ReleaseForms|Any CPU.Build.0 = Release|Any CPU
		{8C7FE3F5-06BE-8D99-EA44-47B7A8097CF8}.ReleaseForms|x64.ActiveCfg = Release|Any CPU
		{8C7FE3F5-06BE-8D99-EA44-47B7A8097CF8}.ReleaseForms|x64.Build.0 = Release|Any CPU
		{9EC71A1C-3348-BA01-85FA-8361B6EB8537}.Debug|Any CPU.ActiveCfg = Debug|Any CPU
		{9EC71A1C-3348-BA01-85FA-8361B6EB8537}.Debug|Any CPU.Build.0 = Debug|Any CPU
		{9EC71A1C-3348-BA01-85FA-8361B6EB8537}.Debug|x64.ActiveCfg = Debug|Any CPU
		{9EC71A1C-3348-BA01-85FA-8361B6EB8537}.Debug|x64.Build.0 = Debug|Any CPU
		{9EC71A1C-3348-BA01-85FA-8361B6EB8537}.DebugForms|Any CPU.ActiveCfg = Debug|Any CPU
		{9EC71A1C-3348-BA01-85FA-8361B6EB8537}.DebugForms|Any CPU.Build.0 = Debug|Any CPU
		{9EC71A1C-3348-BA01-85FA-8361B6EB8537}.DebugForms|x64.ActiveCfg = Debug|Any CPU
		{9EC71A1C-3348-BA01-85FA-8361B6EB8537}.DebugForms|x64.Build.0 = Debug|Any CPU
		{9EC71A1C-3348-BA01-85FA-8361B6EB8537}.Release|Any CPU.ActiveCfg = Release|Any CPU
		{9EC71A1C-3348-BA01-85FA-8361B6EB8537}.Release|Any CPU.Build.0 = Release|Any CPU
		{9EC71A1C-3348-BA01-85FA-8361B6EB8537}.Release|x64.ActiveCfg = Release|Any CPU
		{9EC71A1C-3348-BA01-85FA-8361B6EB8537}.Release|x64.Build.0 = Release|Any CPU
		{9EC71A1C-3348-BA01-85FA-8361B6EB8537}.ReleaseForms|Any CPU.ActiveCfg = Release|Any CPU
		{9EC71A1C-3348-BA01-85FA-8361B6EB8537}.ReleaseForms|Any CPU.Build.0 = Release|Any CPU
		{9EC71A1C-3348-BA01-85FA-8361B6EB8537}.ReleaseForms|x64.ActiveCfg = Release|Any CPU
		{9EC71A1C-3348-BA01-85FA-8361B6EB8537}.ReleaseForms|x64.Build.0 = Release|Any CPU
		{D3028232-7355-2432-1A90-57C4DCE8EC86}.Debug|Any CPU.ActiveCfg = Debug|Any CPU
		{D3028232-7355-2432-1A90-57C4DCE8EC86}.Debug|Any CPU.Build.0 = Debug|Any CPU
		{D3028232-7355-2432-1A90-57C4DCE8EC86}.Debug|x64.ActiveCfg = Debug|Any CPU
		{D3028232-7355-2432-1A90-57C4DCE8EC86}.Debug|x64.Build.0 = Debug|Any CPU
		{D3028232-7355-2432-1A90-57C4DCE8EC86}.DebugForms|Any CPU.ActiveCfg = Debug|Any CPU
		{D3028232-7355-2432-1A90-57C4DCE8EC86}.DebugForms|Any CPU.Build.0 = Debug|Any CPU
		{D3028232-7355-2432-1A90-57C4DCE8EC86}.DebugForms|x64.ActiveCfg = Debug|Any CPU
		{D3028232-7355-2432-1A90-57C4DCE8EC86}.DebugForms|x64.Build.0 = Debug|Any CPU
		{D3028232-7355-2432-1A90-57C4DCE8EC86}.Release|Any CPU.ActiveCfg = Release|Any CPU
		{D3028232-7355-2432-1A90-57C4DCE8EC86}.Release|Any CPU.Build.0 = Release|Any CPU
		{D3028232-7355-2432-1A90-57C4DCE8EC86}.Release|x64.ActiveCfg = Release|Any CPU
		{D3028232-7355-2432-1A90-57C4DCE8EC86}.Release|x64.Build.0 = Release|Any CPU
		{D3028232-7355-2432-1A90-57C4DCE8EC86}.ReleaseForms|Any CPU.ActiveCfg = Release|Any CPU
		{D3028232-7355-2432-1A90-57C4DCE8EC86}.ReleaseForms|Any CPU.Build.0 = Release|Any CPU
		{D3028232-7355-2432-1A90-57C4DCE8EC86}.ReleaseForms|x64.ActiveCfg = Release|Any CPU
		{D3028232-7355-2432-1A90-57C4DCE8EC86}.ReleaseForms|x64.Build.0 = Release|Any CPU
		{8D9D3462-76C5-ED67-9714-45F04FB1D1E8}.Debug|Any CPU.ActiveCfg = Debug|Any CPU
		{8D9D3462-76C5-ED67-9714-45F04FB1D1E8}.Debug|Any CPU.Build.0 = Debug|Any CPU
		{8D9D3462-76C5-ED67-9714-45F04FB1D1E8}.Debug|x64.ActiveCfg = Debug|Any CPU
		{8D9D3462-76C5-ED67-9714-45F04FB1D1E8}.Debug|x64.Build.0 = Debug|Any CPU
		{8D9D3462-76C5-ED67-9714-45F04FB1D1E8}.DebugForms|Any CPU.ActiveCfg = Debug|Any CPU
		{8D9D3462-76C5-ED67-9714-45F04FB1D1E8}.DebugForms|Any CPU.Build.0 = Debug|Any CPU
		{8D9D3462-76C5-ED67-9714-45F04FB1D1E8}.DebugForms|x64.ActiveCfg = Debug|Any CPU
		{8D9D3462-76C5-ED67-9714-45F04FB1D1E8}.DebugForms|x64.Build.0 = Debug|Any CPU
		{8D9D3462-76C5-ED67-9714-45F04FB1D1E8}.Release|Any CPU.ActiveCfg = Release|Any CPU
		{8D9D3462-76C5-ED67-9714-45F04FB1D1E8}.Release|Any CPU.Build.0 = Release|Any CPU
		{8D9D3462-76C5-ED67-9714-45F04FB1D1E8}.Release|x64.ActiveCfg = Release|Any CPU
		{8D9D3462-76C5-ED67-9714-45F04FB1D1E8}.Release|x64.Build.0 = Release|Any CPU
		{8D9D3462-76C5-ED67-9714-45F04FB1D1E8}.ReleaseForms|Any CPU.ActiveCfg = Release|Any CPU
		{8D9D3462-76C5-ED67-9714-45F04FB1D1E8}.ReleaseForms|Any CPU.Build.0 = Release|Any CPU
		{8D9D3462-76C5-ED67-9714-45F04FB1D1E8}.ReleaseForms|x64.ActiveCfg = Release|Any CPU
		{8D9D3462-76C5-ED67-9714-45F04FB1D1E8}.ReleaseForms|x64.Build.0 = Release|Any CPU
	EndGlobalSection
	GlobalSection(SolutionProperties) = preSolution
		HideSolutionNode = FALSE
	EndGlobalSection
	GlobalSection(NestedProjects) = preSolution
		{C3C056EE-7BE4-448A-89D0-EDF379EE40DE} = {345FEDF0-1F3E-4A1D-9D43-4450F1A8265F}
		{26103D3E-9622-4BE6-B525-1EABE2BF1CB9} = {345FEDF0-1F3E-4A1D-9D43-4450F1A8265F}
		{92AF127F-A5A1-4C7F-8EE9-DA79EAE95827} = {345FEDF0-1F3E-4A1D-9D43-4450F1A8265F}
		{130FD34F-15F2-4A8A-B9C8-D1530585B72E} = {345FEDF0-1F3E-4A1D-9D43-4450F1A8265F}
		{B618525F-FDFD-4E92-9EB7-DF47E46E20BC} = {345FEDF0-1F3E-4A1D-9D43-4450F1A8265F}
		{57DB7B14-169B-4064-AF9D-EEFA3219A2F4} = {345FEDF0-1F3E-4A1D-9D43-4450F1A8265F}
		{FBB0F264-E6CA-42ED-8F56-8D0157AA54E8} = {345FEDF0-1F3E-4A1D-9D43-4450F1A8265F}
		{345FEDF0-1F3E-4A1D-9D43-4450F1A8265F} = {8A53D0D9-E831-44E6-93AE-35B027CB4466}
		{0B1F2C54-98D7-DBB6-6CDF-C71EE0173954} = {8A53D0D9-E831-44E6-93AE-35B027CB4466}
		{8C7FE3F5-06BE-8D99-EA44-47B7A8097CF8} = {8A53D0D9-E831-44E6-93AE-35B027CB4466}
		{9EC71A1C-3348-BA01-85FA-8361B6EB8537} = {8A53D0D9-E831-44E6-93AE-35B027CB4466}
		{D3028232-7355-2432-1A90-57C4DCE8EC86} = {8A53D0D9-E831-44E6-93AE-35B027CB4466}
		{8D9D3462-76C5-ED67-9714-45F04FB1D1E8} = {8A53D0D9-E831-44E6-93AE-35B027CB4466}
	EndGlobalSection
	GlobalSection(ExtensibilityGlobals) = postSolution
		SolutionGuid = {B17E85B1-5F60-4440-9F9A-3DDE877E8CDF}
	EndGlobalSection
EndGlobal
