
Microsoft Visual Studio Solution File, Format Version 12.00
# Visual Studio Version 17
VisualStudioVersion = 17.7.34031.279
MinimumVisualStudioVersion = 10.0.40219.1
Project("{9A19103F-16F7-4668-BE54-9A1E7A4F7556}") = "GlamMaster", "GlamMaster\GlamMaster.csproj", "{13C812E9-0D42-4B95-8646-40EEBF30636F}"
EndProject
Project("{9A19103F-16F7-4668-BE54-9A1E7A4F7556}") = "SocketIO.Serializer.NewtonsoftJson", "..\..\Forked\socket.io-client-csharp\src\SocketIO.Serializer.NewtonsoftJson\SocketIO.Serializer.NewtonsoftJson.csproj", "{F8BDC933-B5E5-44D2-A614-393830BEDADE}"
EndProject
Project("{9A19103F-16F7-4668-BE54-9A1E7A4F7556}") = "SocketIOClient", "..\..\Forked\socket.io-client-csharp\src\SocketIOClient\SocketIOClient.csproj", "{5E45E38C-E430-42AF-A795-EF6DDC5CBE9F}"
EndProject
Global
	GlobalSection(SolutionConfigurationPlatforms) = preSolution
		Debug|Any CPU = Debug|Any CPU
		Debug|x64 = Debug|x64
		Release|Any CPU = Release|Any CPU
		Release|x64 = Release|x64
	EndGlobalSection
	GlobalSection(ProjectConfigurationPlatforms) = postSolution
		{13C812E9-0D42-4B95-8646-40EEBF30636F}.Debug|Any CPU.ActiveCfg = Debug|x64
		{13C812E9-0D42-4B95-8646-40EEBF30636F}.Debug|Any CPU.Build.0 = Debug|x64
		{13C812E9-0D42-4B95-8646-40EEBF30636F}.Debug|x64.ActiveCfg = Debug|x64
		{13C812E9-0D42-4B95-8646-40EEBF30636F}.Debug|x64.Build.0 = Debug|x64
		{13C812E9-0D42-4B95-8646-40EEBF30636F}.Release|Any CPU.ActiveCfg = Release|x64
		{13C812E9-0D42-4B95-8646-40EEBF30636F}.Release|Any CPU.Build.0 = Release|x64
		{13C812E9-0D42-4B95-8646-40EEBF30636F}.Release|x64.ActiveCfg = Release|x64
		{13C812E9-0D42-4B95-8646-40EEBF30636F}.Release|x64.Build.0 = Release|x64
		{F8BDC933-B5E5-44D2-A614-393830BEDADE}.Debug|Any CPU.ActiveCfg = Debug|Any CPU
		{F8BDC933-B5E5-44D2-A614-393830BEDADE}.Debug|Any CPU.Build.0 = Debug|Any CPU
		{F8BDC933-B5E5-44D2-A614-393830BEDADE}.Debug|x64.ActiveCfg = Debug|Any CPU
		{F8BDC933-B5E5-44D2-A614-393830BEDADE}.Debug|x64.Build.0 = Debug|Any CPU
		{F8BDC933-B5E5-44D2-A614-393830BEDADE}.Release|Any CPU.ActiveCfg = Release|Any CPU
		{F8BDC933-B5E5-44D2-A614-393830BEDADE}.Release|Any CPU.Build.0 = Release|Any CPU
		{F8BDC933-B5E5-44D2-A614-393830BEDADE}.Release|x64.ActiveCfg = Release|Any CPU
		{F8BDC933-B5E5-44D2-A614-393830BEDADE}.Release|x64.Build.0 = Release|Any CPU
		{5E45E38C-E430-42AF-A795-EF6DDC5CBE9F}.Debug|Any CPU.ActiveCfg = Debug|Any CPU
		{5E45E38C-E430-42AF-A795-EF6DDC5CBE9F}.Debug|Any CPU.Build.0 = Debug|Any CPU
		{5E45E38C-E430-42AF-A795-EF6DDC5CBE9F}.Debug|x64.ActiveCfg = Debug|Any CPU
		{5E45E38C-E430-42AF-A795-EF6DDC5CBE9F}.Debug|x64.Build.0 = Debug|Any CPU
		{5E45E38C-E430-42AF-A795-EF6DDC5CBE9F}.Release|Any CPU.ActiveCfg = Release|Any CPU
		{5E45E38C-E430-42AF-A795-EF6DDC5CBE9F}.Release|Any CPU.Build.0 = Release|Any CPU
		{5E45E38C-E430-42AF-A795-EF6DDC5CBE9F}.Release|x64.ActiveCfg = Release|Any CPU
		{5E45E38C-E430-42AF-A795-EF6DDC5CBE9F}.Release|x64.Build.0 = Release|Any CPU
	EndGlobalSection
	GlobalSection(SolutionProperties) = preSolution
		HideSolutionNode = FALSE
	EndGlobalSection
	GlobalSection(ExtensibilityGlobals) = postSolution
		SolutionGuid = {B17E85B1-5F60-4440-9F9A-3DDE877E8CDF}
	EndGlobalSection
EndGlobal
