{
  "version": 1,
  "dependencies": {
    "net8.0-windows7.0": {
      "DalamudPackager": {
        "type": "Direct",
        "requested": "[11.0.0, )",
        "resolved": "11.0.0",
        "contentHash": "bjT7XUlhIJSmsE/O76b7weUX+evvGQctbQB8aKXt94o+oPWxHpCepxAGMs7Thow3AzCyqWs7cOpp9/2wcgRRQA=="
      },
      "Newtonsoft.Json": {
        "type": "Transitive",
        "resolved": "13.0.3",
        "contentHash": "HrC5BXdl00IP9zeV+0Z848QWPAoCr9P3bDEZguI+gkLcBKAOxix/tLEAAHC+UvDNPv4a2d18lOReHMOagPa+zQ=="
      },
      "System.Text.Encodings.Web": {
        "type": "Transitive",
        "resolved": "8.0.0",
        "contentHash": "yev/k9GHAEGx2Rg3/tU6MQh4HGBXJs70y7j1LaM1i/ER9po+6nnQ6RRqTJn1E7Xu0fbIFK80Nh5EoODxrbxwBQ=="
      },
      "System.Text.Json": {
        "type": "Transitive",
        "resolved": "8.0.4",
        "contentHash": "bAkhgDJ88XTsqczoxEMliSrpijKZHhbJQldhAmObj/RbrN3sU5dcokuXmWJWsdQAhiMJ9bTayWsL1C9fbbCRhw==",
        "dependencies": {
          "System.Text.Encodings.Web": "8.0.0"
        }
      },
      "socketio.core": {
        "type": "Project"
      },
      "socketio.serializer.core": {
        "type": "Project",
        "dependencies": {
          "SocketIO.Core": "[3.1.1, )"
        }
      },
      "socketio.serializer.newtonsoftjson": {
        "type": "Project",
        "dependencies": {
          "Newtonsoft.Json": "[13.0.3, )",
          "SocketIO.Core": "[3.1.1, )",
          "SocketIO.Serializer.Core": "[3.1.1, )"
        }
      },
      "socketio.serializer.systemtextjson": {
        "type": "Project",
        "dependencies": {
          "SocketIO.Core": "[3.1.1, )",
          "SocketIO.Serializer.Core": "[3.1.1, )",
          "System.Text.Json": "[8.0.4, )"
        }
      },
      "socketioclient": {
        "type": "Project",
        "dependencies": {
          "SocketIO.Serializer.Core": "[3.1.1, )",
          "SocketIO.Serializer.SystemTextJson": "[3.1.2, )"
        }
      }
    }
  }
}